
Microsoft Visual Studio Solution File, Format Version 12.00
# Visual Studio Version 17
VisualStudioVersion = 17.10.34902.84
MinimumVisualStudioVersion = 10.0.40219.1
Project("{FAE04EC0-301F-11D3-BF4B-00C04F79EFBC}") = "eShopSolution", "eShopSolution\eShopSolution.csproj", "{4F4ED142-6634-4A15-94A2-5306CBA68426}"
EndProject
Project("{FAE04EC0-301F-11D3-BF4B-00C04F79EFBC}") = "eShopSolution.Data", "eShopSolution.Data\eShopSolution.Data.csproj", "{537C80DC-BCA4-420E-A16D-EBFBB9493581}"
EndProject
Project("{FAE04EC0-301F-11D3-BF4B-00C04F79EFBC}") = "eShopSolution.Application", "eShopSolution.Application\eShopSolution.Application.csproj", "{6EF7E97E-2378-4E29-9430-3CC38C86C522}"
EndProject
Global
	GlobalSection(SolutionConfigurationPlatforms) = preSolution
		Debug|Any CPU = Debug|Any CPU
		Release|Any CPU = Release|Any CPU
	EndGlobalSection
	GlobalSection(ProjectConfigurationPlatforms) = postSolution
		{4F4ED142-6634-4A15-94A2-5306CBA68426}.Debug|Any CPU.ActiveCfg = Debug|Any CPU
		{4F4ED142-6634-4A15-94A2-5306CBA68426}.Debug|Any CPU.Build.0 = Debug|Any CPU
		{4F4ED142-6634-4A15-94A2-5306CBA68426}.Release|Any CPU.ActiveCfg = Release|Any CPU
		{4F4ED142-6634-4A15-94A2-5306CBA68426}.Release|Any CPU.Build.0 = Release|Any CPU
		{537C80DC-BCA4-420E-A16D-EBFBB9493581}.Debug|Any CPU.ActiveCfg = Debug|Any CPU
		{537C80DC-BCA4-420E-A16D-EBFBB9493581}.Debug|Any CPU.Build.0 = Debug|Any CPU
		{537C80DC-BCA4-420E-A16D-EBFBB9493581}.Release|Any CPU.ActiveCfg = Release|Any CPU
		{537C80DC-BCA4-420E-A16D-EBFBB9493581}.Release|Any CPU.Build.0 = Release|Any CPU
		{6EF7E97E-2378-4E29-9430-3CC38C86C522}.Debug|Any CPU.ActiveCfg = Debug|Any CPU
		{6EF7E97E-2378-4E29-9430-3CC38C86C522}.Debug|Any CPU.Build.0 = Debug|Any CPU
		{6EF7E97E-2378-4E29-9430-3CC38C86C522}.Release|Any CPU.ActiveCfg = Release|Any CPU
		{6EF7E97E-2378-4E29-9430-3CC38C86C522}.Release|Any CPU.Build.0 = Release|Any CPU
	EndGlobalSection
	GlobalSection(SolutionProperties) = preSolution
		HideSolutionNode = FALSE
	EndGlobalSection
	GlobalSection(ExtensibilityGlobals) = postSolution
		SolutionGuid = {698BA59C-FABE-4E18-B735-387A78C0AA3E}
	EndGlobalSection
EndGlobal
